PODS:
  - ALLKit (1.0):
    - ALLKit/ListKit (= 1.0)
    - ALLKit/StringBuilder (= 1.0)
  - ALLKit/Diff (1.0)
  - ALLKit/FlexBox (1.0):
    - Yoga (= 1.14)
  - ALLKit/Layout (1.0):
    - ALLKit/FlexBox
  - ALLKit/ListKit (1.0):
    - ALLKit/Diff
    - ALLKit/Layout
    - ALLKit/Support
  - ALLKit/StringBuilder (1.0)
  - ALLKit/Support (1.0):
    - ALLKit/Layout
  - Crashlytics (3.12.0):
    - Fabric (~> 1.9.0)
  - Fabric (1.9.0)
  - Firebase/Core (5.18.0):
    - Firebase/CoreOnly
    - FirebaseAnalytics (= 5.7.0)
  - Firebase/CoreOnly (5.18.0):
    - FirebaseCore (= 5.3.1)
  - FirebaseAnalytics (5.7.0):
    - FirebaseCore (~> 5.3)
    - FirebaseInstanceID (~> 3.6)
    - GoogleAppMeasurement (= 5.7.0)
    - GoogleUtilities/AppDelegateSwizzler (~> 5.2)
    - GoogleUtilities/MethodSwizzler (~> 5.2)
    - GoogleUtilities/Network (~> 5.2)
    - "GoogleUtilities/NSData+zlib (~> 5.2)"
    - nanopb (~> 0.3)
  - FirebaseCore (5.3.1):
    - GoogleUtilities/Logger (~> 5.2)
  - FirebaseInstanceID (3.7.0):
    - FirebaseCore (~> 5.2)
    - GoogleUtilities/Environment (~> 5.2)
    - GoogleUtilities/UserDefaults (~> 5.2)
  - GoogleAppMeasurement (5.7.0):
    - GoogleUtilities/AppDelegateSwizzler (~> 5.2)
    - GoogleUtilities/MethodSwizzler (~> 5.2)
    - GoogleUtilities/Network (~> 5.2)
    - "GoogleUtilities/NSData+zlib (~> 5.2)"
    - nanopb (~> 0.3)
  - GoogleUtilities/AppDelegateSwizzler (5.5.0):
    - GoogleUtilities/Environment
    - GoogleUtilities/Logger
    - GoogleUtilities/Network
  - GoogleUtilities/Environment (5.5.0)
  - GoogleUtilities/Logger (5.5.0):
    - GoogleUtilities/Environment
  - GoogleUtilities/MethodSwizzler (5.5.0):
    - GoogleUtilities/Logger
  - GoogleUtilities/Network (5.5.0):
    - GoogleUtilities/Logger
    - "GoogleUtilities/NSData+zlib"
    - GoogleUtilities/Reachability
  - "GoogleUtilities/NSData+zlib (5.5.0)"
  - GoogleUtilities/Reachability (5.5.0):
    - GoogleUtilities/Logger
  - GoogleUtilities/UserDefaults (5.5.0):
    - GoogleUtilities/Logger
  - nanopb (0.3.901):
    - nanopb/decode (= 0.3.901)
    - nanopb/encode (= 0.3.901)
  - nanopb/decode (0.3.901)
  - nanopb/encode (0.3.901)
  - Nuke (8.2.0)
  - PinIt (1.0)
  - RxRelay (5.0.0):
    - RxSwift (~> 5)
  - RxSwift (5.0.0)
  - Yoga (1.14.0)

DEPENDENCIES:
  - ALLKit (= 1.0)
  - Crashlytics
  - Fabric
  - Firebase/Core
  - Nuke (= 8.2.0)
  - PinIt (= 1.0)
  - RxRelay (= 5.0.0)
  - RxSwift (= 5.0.0)

SPEC REPOS:
  https://github.com/CocoaPods/Specs.git:
    - ALLKit
    - Crashlytics
    - Fabric
    - Firebase
    - FirebaseAnalytics
    - FirebaseCore
    - FirebaseInstanceID
    - GoogleAppMeasurement
    - GoogleUtilities
    - nanopb
    - PinIt
    - RxRelay
    - RxSwift
    - Yoga
  trunk:
    - Nuke

SPEC CHECKSUMS:
  ALLKit: b5156377695ba5e67d28b23f60476aeb858aab8c
  Crashlytics: 07fb167b1694128c1c9a5a5cc319b0e9c3ca0933
  Fabric: f988e33c97f08930a413e08123064d2e5f68d655
  Firebase: 02f3281965c075426141a0ce1277e9de6649cab9
  FirebaseAnalytics: 23851fe602c872130a2c5c55040b302120346cc2
  FirebaseCore: 52f851b30e11360f1e67cf04b1edfebf0a47a2d3
  FirebaseInstanceID: bd6fc5a258884e206fd5c474ebe4f5b00e21770e
  GoogleAppMeasurement: 6cf307834da065863f9faf4c0de0a936d81dd832
  GoogleUtilities: 6481e6318c5fcabaaa8513ef8120f329055d7c10
  nanopb: 2901f78ea1b7b4015c860c2fdd1ea2fee1a18d48
  Nuke: 0134d56b7c9dd3e69e9bce8bdcb37c2e0d55469f
  PinIt: 4590ce0526181463ff7b93eb2ff2fe66fc230999
  RxRelay: 4f7409406a51a55cd88483f21ed898c234d60f18
  RxSwift: 8b0671caa829a763bbce7271095859121cbd895f
  Yoga: cff67a400f6b74dc38eb0bad4f156673d9aa980c

PODFILE CHECKSUM: 2db37c6860a96a120fa4ec1248bd8f6ea8911157

COCOAPODS: 1.8.0
