PODS:
  - ALLKit (0.2):
    - ALLKit/ListKit (= 0.2)
    - ALLKit/StringBuilder (= 0.2)
  - ALLKit/Diff (0.2)
  - ALLKit/FlexBox (0.2):
    - Yoga (= 1.6)
  - ALLKit/Layout (0.2):
    - ALLKit/FlexBox
  - ALLKit/ListKit (0.2):
    - ALLKit/Diff
    - ALLKit/Layout
    - ALLKit/Support
  - ALLKit/StringBuilder (0.2)
  - ALLKit/Support (0.2):
    - ALLKit/Layout
  - Crashlytics (3.11.1):
    - Fabric (~> 1.8.1)
  - Fabric (1.8.2)
  - RxAtomic (4.4.0)
  - RxSwift (4.4.0):
    - RxAtomic (~> 4.4)
  - Yoga (1.6.0)
  - YYCache (1.0.4)
  - YYImage (1.0.4):
    - YYImage/Core (= 1.0.4)
  - YYImage/Core (1.0.4)
  - YYWebImage (1.0.5):
    - YYCache
    - YYImage

DEPENDENCIES:
  - ALLKit (from `https://github.com/geor-kasapidi/ALLKit`, commit `921ce7e894c7b3e6ae0f7008442b0bbcf23d0f34`)
  - Crashlytics
  - Fabric
  - RxSwift (= 4.4.0)
  - YYWebImage (= 1.0.5)

SPEC REPOS:
  https://github.com/cocoapods/specs.git:
    - Crashlytics
    - Fabric
    - RxAtomic
    - RxSwift
    - Yoga
    - YYCache
    - YYImage
    - YYWebImage

EXTERNAL SOURCES:
  ALLKit:
    :commit: 921ce7e894c7b3e6ae0f7008442b0bbcf23d0f34
    :git: https://github.com/geor-kasapidi/ALLKit

CHECKOUT OPTIONS:
  ALLKit:
    :commit: 921ce7e894c7b3e6ae0f7008442b0bbcf23d0f34
    :git: https://github.com/geor-kasapidi/ALLKit

SPEC CHECKSUMS:
  ALLKit: 48f018bfde65979d2e5c1dfd6dc074d54a930e76
  Crashlytics: ca7ab4bc304aa216bdc2e4c1a96389ee77252203
  Fabric: d2b22f443ba195d8a7cc204da230977c72733b40
  RxAtomic: eacf60db868c96bfd63320e28619fe29c179656f
  RxSwift: 5976ecd04fc2fefd648827c23de5e11157faa973
  Yoga: 81670877477311136b1b3f69a6307ce62e1c89cf
  YYCache: 8105b6638f5e849296c71f331ff83891a4942952
  YYImage: 1e1b62a9997399593e4b9c4ecfbbabbf1d3f3b54
  YYWebImage: 5f7f36aee2ae293f016d418c7d6ba05c4863e928

PODFILE CHECKSUM: c46365f24312c5d8bfe2edb4cdb1966ca7b1c03e

COCOAPODS: 1.5.3
