// !$*UTF8*$!
{
	archiveVersion = 1;
	classes = {
	};
	objectVersion = 50;
	objects = {

/* Begin PBXBuildFile section */
		14ECD1C12196D9C5007A8781 /* AppDelegate.swift in Sources */ = {isa = PBXBuildFile; fileRef = 14ECD1C02196D9C5007A8781 /* AppDelegate.swift */; };
		14ECD1C32196D9C5007A8781 /* ViewController.swift in Sources */ = {isa = PBXBuildFile; fileRef = 14ECD1C22196D9C5007A8781 /* ViewController.swift */; };
		14ECD1C62196D9C5007A8781 /* Main.storyboard in Resources */ = {isa = PBXBuildFile; fileRef = 14ECD1C42196D9C5007A8781 /* Main.storyboard */; };
		14ECD1C82196D9C7007A8781 /* Assets.xcassets in Resources */ = {isa = PBXBuildFile; fileRef = 14ECD1C72196D9C7007A8781 /* Assets.xcassets */; };
		14ECD1CB2196D9C7007A8781 /* LaunchScreen.storyboard in Resources */ = {isa = PBXBuildFile; fileRef = 14ECD1C92196D9C7007A8781 /* LaunchScreen.storyboard */; };
		14ECD1D62196D9C7007A8781 /* FantLab_iOSTests.swift in Sources */ = {isa = PBXBuildFile; fileRef = 14ECD1D52196D9C7007A8781 /* FantLab_iOSTests.swift */; };
/* End PBXBuildFile section */

/* Begin PBXContainerItemProxy section */
		14ECD1D22196D9C7007A8781 /* PBXContainerItemProxy */ = {
			isa = PBXContainerItemProxy;
			containerPortal = 14ECD1B52196D9C5007A8781 /* Project object */;
			proxyType = 1;
			remoteGlobalIDString = 14ECD1BC2196D9C5007A8781;
			remoteInfo = "FantLab-iOS";
		};
/* End PBXContainerItemProxy section */

/* Begin PBXFileReference section */
		14ECD1BD2196D9C5007A8781 /* FantLab-iOS.app */ = {isa = PBXFileReference; explicitFileType = wrapper.application; includeInIndex = 0; path = "FantLab-iOS.app"; sourceTree = BUILT_PRODUCTS_DIR; };
		14ECD1C02196D9C5007A8781 /* AppDelegate.swift */ = {isa = PBXFileReference; lastKnownFileType = sourcecode.swift; path = AppDelegate.swift; sourceTree = "<group>"; };
		14ECD1C22196D9C5007A8781 /* ViewController.swift */ = {isa = PBXFileReference; lastKnownFileType = sourcecode.swift; path = ViewController.swift; sourceTree = "<group>"; };
		14ECD1C52196D9C5007A8781 /* Base */ = {isa = PBXFileReference; lastKnownFileType = file.storyboard; name = Base; path = Base.lproj/Main.storyboard; sourceTree = "<group>"; };
		14ECD1C72196D9C7007A8781 /* Assets.xcassets */ = {isa = PBXFileReference; lastKnownFileType = folder.assetcatalog; path = Assets.xcassets; sourceTree = "<group>"; };
		14ECD1CA2196D9C7007A8781 /* Base */ = {isa = PBXFileReference; lastKnownFileType = file.storyboard; name = Base; path = Base.lproj/LaunchScreen.storyboard; sourceTree = "<group>"; };
		14ECD1CC2196D9C7007A8781 /* Info.plist */ = {isa = PBXFileReference; lastKnownFileType = text.plist.xml; path = Info.plist; sourceTree = "<group>"; };
		14ECD1D12196D9C7007A8781 /* FantLab-iOSTests.xctest */ = {isa = PBXFileReference; explicitFileType = wrapper.cfbundle; includeInIndex = 0; path = "FantLab-iOSTests.xctest"; sourceTree = BUILT_PRODUCTS_DIR; };
		14ECD1D52196D9C7007A8781 /* FantLab_iOSTests.swift */ = {isa = PBXFileReference; lastKnownFileType = sourcecode.swift; path = FantLab_iOSTests.swift; sourceTree = "<group>"; };
		14ECD1D72196D9C7007A8781 /* Info.plist */ = {isa = PBXFileReference; lastKnownFileType = text.plist.xml; path = Info.plist; sourceTree = "<group>"; };
/* End PBXFileReference section */

/* Begin PBXFrameworksBuildPhase section */
		14ECD1BA2196D9C5007A8781 /* Frameworks */ = {
			isa = PBXFrameworksBuildPhase;
			buildActionMask = 2147483647;
			files = (
			);
			runOnlyForDeploymentPostprocessing = 0;
		};
		14ECD1CE2196D9C7007A8781 /* Frameworks */ = {
			isa = PBXFrameworksBuildPhase;
			buildActionMask = 2147483647;
			files = (
			);
			runOnlyForDeploymentPostprocessing = 0;
		};
/* End PBXFrameworksBuildPhase section */

/* Begin PBXGroup section */
		14ECD1B42196D9C5007A8781 = {
			isa = PBXGroup;
			children = (
				14ECD1BF2196D9C5007A8781 /* FantLab-iOS */,
				14ECD1D42196D9C7007A8781 /* FantLab-iOSTests */,
				14ECD1BE2196D9C5007A8781 /* Products */,
			);
			sourceTree = "<group>";
		};
		14ECD1BE2196D9C5007A8781 /* Products */ = {
			isa = PBXGroup;
			children = (
				14ECD1BD2196D9C5007A8781 /* FantLab-iOS.app */,
				14ECD1D12196D9C7007A8781 /* FantLab-iOSTests.xctest */,
			);
			name = Products;
			sourceTree = "<group>";
		};
		14ECD1BF2196D9C5007A8781 /* FantLab-iOS */ = {
			isa = PBXGroup;
			children = (
				14ECD1C02196D9C5007A8781 /* AppDelegate.swift */,
				14ECD1C22196D9C5007A8781 /* ViewController.swift */,
				14ECD1C42196D9C5007A8781 /* Main.storyboard */,
				14ECD1C72196D9C7007A8781 /* Assets.xcassets */,
				14ECD1C92196D9C7007A8781 /* LaunchScreen.storyboard */,
				14ECD1CC2196D9C7007A8781 /* Info.plist */,
			);
			path = "FantLab-iOS";
			sourceTree = "<group>";
		};
		14ECD1D42196D9C7007A8781 /* FantLab-iOSTests */ = {
			isa = PBXGroup;
			children = (
				14ECD1D52196D9C7007A8781 /* FantLab_iOSTests.swift */,
				14ECD1D72196D9C7007A8781 /* Info.plist */,
			);
			path = "FantLab-iOSTests";
			sourceTree = "<group>";
		};
/* End PBXGroup section */

/* Begin PBXNativeTarget section */
		14ECD1BC2196D9C5007A8781 /* FantLab-iOS */ = {
			isa = PBXNativeTarget;
			buildConfigurationList = 14ECD1DA2196D9C7007A8781 /* Build configuration list for PBXNativeTarget "FantLab-iOS" */;
			buildPhases = (
				14ECD1B92196D9C5007A8781 /* Sources */,
				14ECD1BA2196D9C5007A8781 /* Frameworks */,
				14ECD1BB2196D9C5007A8781 /* Resources */,
			);
			buildRules = (
			);
			dependencies = (
			);
			name = "FantLab-iOS";
			productName = "FantLab-iOS";
			productReference = 14ECD1BD2196D9C5007A8781 /* FantLab-iOS.app */;
			productType = "com.apple.product-type.application";
		};
		14ECD1D02196D9C7007A8781 /* FantLab-iOSTests */ = {
			isa = PBXNativeTarget;
			buildConfigurationList = 14ECD1DD2196D9C7007A8781 /* Build configuration list for PBXNativeTarget "FantLab-iOSTests" */;
			buildPhases = (
				14ECD1CD2196D9C7007A8781 /* Sources */,
				14ECD1CE2196D9C7007A8781 /* Frameworks */,
				14ECD1CF2196D9C7007A8781 /* Resources */,
			);
			buildRules = (
			);
			dependencies = (
				14ECD1D32196D9C7007A8781 /* PBXTargetDependency */,
			);
			name = "FantLab-iOSTests";
			productName = "FantLab-iOSTests";
			productReference = 14ECD1D12196D9C7007A8781 /* FantLab-iOSTests.xctest */;
			productType = "com.apple.product-type.bundle.unit-test";
		};
/* End PBXNativeTarget section */

/* Begin PBXProject section */
		14ECD1B52196D9C5007A8781 /* Project object */ = {
			isa = PBXProject;
			attributes = {
				LastSwiftUpdateCheck = 1010;
				LastUpgradeCheck = 1010;
				ORGANIZATIONNAME = FantLab;
				TargetAttributes = {
					14ECD1BC2196D9C5007A8781 = {
						CreatedOnToolsVersion = 10.1;
					};
					14ECD1D02196D9C7007A8781 = {
						CreatedOnToolsVersion = 10.1;
						TestTargetID = 14ECD1BC2196D9C5007A8781;
					};
				};
			};
			buildConfigurationList = 14ECD1B82196D9C5007A8781 /* Build configuration list for PBXProject "FantLab-iOS" */;
			compatibilityVersion = "Xcode 9.3";
			developmentRegion = en;
			hasScannedForEncodings = 0;
			knownRegions = (
				en,
				Base,
			);
			mainGroup = 14ECD1B42196D9C5007A8781;
			productRefGroup = 14ECD1BE2196D9C5007A8781 /* Products */;
			projectDirPath = "";
			projectRoot = "";
			targets = (
				14ECD1BC2196D9C5007A8781 /* FantLab-iOS */,
				14ECD1D02196D9C7007A8781 /* FantLab-iOSTests */,
			);
		};
/* End PBXProject section */

/* Begin PBXResourcesBuildPhase section */
		14ECD1BB2196D9C5007A8781 /* Resources */ = {
			isa = PBXResourcesBuildPhase;
			buildActionMask = 2147483647;
			files = (
				14ECD1CB2196D9C7007A8781 /* LaunchScreen.storyboard in Resources */,
				14ECD1C82196D9C7007A8781 /* Assets.xcassets in Resources */,
				14ECD1C62196D9C5007A8781 /* Main.storyboard in Resources */,
			);
			runOnlyForDeploymentPostprocessing = 0;
		};
		14ECD1CF2196D9C7007A8781 /* Resources */ = {
			isa = PBXResourcesBuildPhase;
			buildActionMask = 2147483647;
			files = (
			);
			runOnlyForDeploymentPostprocessing = 0;
		};
/* End PBXResourcesBuildPhase section */

/* Begin PBXSourcesBuildPhase section */
		14ECD1B92196D9C5007A8781 /* Sources */ = {
			isa = PBXSourcesBuildPhase;
			buildActionMask = 2147483647;
			files = (
				14ECD1C32196D9C5007A8781 /* ViewController.swift in Sources */,
				14ECD1C12196D9C5007A8781 /* AppDelegate.swift in Sources */,
			);
			runOnlyForDeploymentPostprocessing = 0;
		};
		14ECD1CD2196D9C7007A8781 /* Sources */ = {
			isa = PBXSourcesBuildPhase;
			buildActionMask = 2147483647;
			files = (
				14ECD1D62196D9C7007A8781 /* FantLab_iOSTests.swift in Sources */,
			);
			runOnlyForDeploymentPostprocessing = 0;
		};
/* End PBXSourcesBuildPhase section */

/* Begin PBXTargetDependency section */
		14ECD1D32196D9C7007A8781 /* PBXTargetDependency */ = {
			isa = PBXTargetDependency;
			target = 14ECD1BC2196D9C5007A8781 /* FantLab-iOS */;
			targetProxy = 14ECD1D22196D9C7007A8781 /* PBXContainerItemProxy */;
		};
/* End PBXTargetDependency section */

/* Begin PBXVariantGroup section */
		14ECD1C42196D9C5007A8781 /* Main.storyboard */ = {
			isa = PBXVariantGroup;
			children = (
				14ECD1C52196D9C5007A8781 /* Base */,
			);
			name = Main.storyboard;
			sourceTree = "<group>";
		};
		14ECD1C92196D9C7007A8781 /* LaunchScreen.storyboard */ = {
			isa = PBXVariantGroup;
			children = (
				14ECD1CA2196D9C7007A8781 /* Base */,
			);
			name = LaunchScreen.storyboard;
			sourceTree = "<group>";
		};
/* End PBXVariantGroup section */

/* Begin XCBuildConfiguration section */
		14ECD1D82196D9C7007A8781 /* Debug */ = {
			isa = XCBuildConfiguration;
			buildSettings = {
				ALWAYS_SEARCH_USER_PATHS = NO;
				CLANG_ANALYZER_NONNULL = YES;
				CLANG_ANALYZER_NUMBER_OBJECT_CONVERSION = YES_AGGRESSIVE;
				CLANG_CXX_LANGUAGE_STANDARD = "gnu++14";
				CLANG_CXX_LIBRARY = "libc++";
				CLANG_ENABLE_MODULES = YES;
				CLANG_ENABLE_OBJC_ARC = YES;
				CLANG_ENABLE_OBJC_WEAK = YES;
				CLANG_WARN_BLOCK_CAPTURE_AUTORELEASING = YES;
				CLANG_WARN_BOOL_CONVERSION = YES;
				CLANG_WARN_COMMA = YES;
				CLANG_WARN_CONSTANT_CONVERSION = YES;
				CLANG_WARN_DEPRECATED_OBJC_IMPLEMENTATIONS = YES;
				CLANG_WARN_DIRECT_OBJC_ISA_USAGE = YES_ERROR;
				CLANG_WARN_DOCUMENTATION_COMMENTS = YES;
				CLANG_WARN_EMPTY_BODY = YES;
				CLANG_WARN_ENUM_CONVERSION = YES;
				CLANG_WARN_INFINITE_RECURSION = YES;
				CLANG_WARN_INT_CONVERSION = YES;
				CLANG_WARN_NON_LITERAL_NULL_CONVERSION = YES;
				CLANG_WARN_OBJC_IMPLICIT_RETAIN_SELF = YES;
				CLANG_WARN_OBJC_LITERAL_CONVERSION = YES;
				CLANG_WARN_OBJC_ROOT_CLASS = YES_ERROR;
				CLANG_WARN_RANGE_LOOP_ANALYSIS = YES;
				CLANG_WARN_STRICT_PROTOTYPES = YES;
				CLANG_WARN_SUSPICIOUS_MOVE = YES;
				CLANG_WARN_UNGUARDED_AVAILABILITY = YES_AGGRESSIVE;
				CLANG_WARN_UNREACHABLE_CODE = YES;
				CLANG_WARN__DUPLICATE_METHOD_MATCH = YES;
				CODE_SIGN_IDENTITY = "iPhone Developer";
				COPY_PHASE_STRIP = NO;
				DEBUG_INFORMATION_FORMAT = dwarf;
				ENABLE_STRICT_OBJC_MSGSEND = YES;
				ENABLE_TESTABILITY = YES;
				GCC_C_LANGUAGE_STANDARD = gnu11;
				GCC_DYNAMIC_NO_PIC = NO;
				GCC_NO_COMMON_BLOCKS = YES;
				GCC_OPTIMIZATION_LEVEL = 0;
				GCC_PREPROCESSOR_DEFINITIONS = (
					"DEBUG=1",
					"$(inherited)",
				);
				GCC_WARN_64_TO_32_BIT_CONVERSION = YES;
				GCC_WARN_ABOUT_RETURN_TYPE = YES_ERROR;
				GCC_WARN_UNDECLARED_SELECTOR = YES;
				GCC_WARN_UNINITIALIZED_AUTOS = YES_AGGRESSIVE;
				GCC_WARN_UNUSED_FUNCTION = YES;
				GCC_WARN_UNUSED_VARIABLE = YES;
				IPHONEOS_DEPLOYMENT_TARGET = 12.1;
				MTL_ENABLE_DEBUG_INFO = INCLUDE_SOURCE;
				MTL_FAST_MATH = YES;
				ONLY_ACTIVE_ARCH = YES;
				SDKROOT = iphoneos;
				SWIFT_ACTIVE_COMPILATION_CONDITIONS = DEBUG;
				SWIFT_OPTIMIZATION_LEVEL = "-Onone";
			};
			name = Debug;
		};
		14ECD1D92196D9C7007A8781 /* Release */ = {
			isa = XCBuildConfiguration;
			buildSettings = {
				ALWAYS_SEARCH_USER_PATHS = NO;
				CLANG_ANALYZER_NONNULL = YES;
				CLANG_ANALYZER_NUMBER_OBJECT_CONVERSION = YES_AGGRESSIVE;
				CLANG_CXX_LANGUAGE_STANDARD = "gnu++14";
				CLANG_CXX_LIBRARY = "libc++";
				CLANG_ENABLE_MODULES = YES;
				CLANG_ENABLE_OBJC_ARC = YES;
				CLANG_ENABLE_OBJC_WEAK = YES;
				CLANG_WARN_BLOCK_CAPTURE_AUTORELEASING = YES;
				CLANG_WARN_BOOL_CONVERSION = YES;
				CLANG_WARN_COMMA = YES;
				CLANG_WARN_CONSTANT_CONVERSION = YES;
				CLANG_WARN_DEPRECATED_OBJC_IMPLEMENTATIONS = YES;
				CLANG_WARN_DIRECT_OBJC_ISA_USAGE = YES_ERROR;
				CLANG_WARN_DOCUMENTATION_COMMENTS = YES;
				CLANG_WARN_EMPTY_BODY = YES;
				CLANG_WARN_ENUM_CONVERSION = YES;
				CLANG_WARN_INFINITE_RECURSION = YES;
				CLANG_WARN_INT_CONVERSION = YES;
				CLANG_WARN_NON_LITERAL_NULL_CONVERSION = YES;
				CLANG_WARN_OBJC_IMPLICIT_RETAIN_SELF = YES;
				CLANG_WARN_OBJC_LITERAL_CONVERSION = YES;
				CLANG_WARN_OBJC_ROOT_CLASS = YES_ERROR;
				CLANG_WARN_RANGE_LOOP_ANALYSIS = YES;
				CLANG_WARN_STRICT_PROTOTYPES = YES;
				CLANG_WARN_SUSPICIOUS_MOVE = YES;
				CLANG_WARN_UNGUARDED_AVAILABILITY = YES_AGGRESSIVE;
				CLANG_WARN_UNREACHABLE_CODE = YES;
				CLANG_WARN__DUPLICATE_METHOD_MATCH = YES;
				CODE_SIGN_IDENTITY = "iPhone Developer";
				COPY_PHASE_STRIP = NO;
				DEBUG_INFORMATION_FORMAT = "dwarf-with-dsym";
				ENABLE_NS_ASSERTIONS = NO;
				ENABLE_STRICT_OBJC_MSGSEND = YES;
				GCC_C_LANGUAGE_STANDARD = gnu11;
				GCC_NO_COMMON_BLOCKS = YES;
				GCC_WARN_64_TO_32_BIT_CONVERSION = YES;
				GCC_WARN_ABOUT_RETURN_TYPE = YES_ERROR;
				GCC_WARN_UNDECLARED_SELECTOR = YES;
				GCC_WARN_UNINITIALIZED_AUTOS = YES_AGGRESSIVE;
				GCC_WARN_UNUSED_FUNCTION = YES;
				GCC_WARN_UNUSED_VARIABLE = YES;
				IPHONEOS_DEPLOYMENT_TARGET = 12.1;
				MTL_ENABLE_DEBUG_INFO = NO;
				MTL_FAST_MATH = YES;
				SDKROOT = iphoneos;
				SWIFT_COMPILATION_MODE = wholemodule;
				SWIFT_OPTIMIZATION_LEVEL = "-O";
				VALIDATE_PRODUCT = YES;
			};
			name = Release;
		};
		14ECD1DB2196D9C7007A8781 /* Debug */ = {
			isa = XCBuildConfiguration;
			buildSettings = {
				ASSETCATALOG_COMPILER_APPICON_NAME = AppIcon;
				CODE_SIGN_STYLE = Automatic;
				INFOPLIST_FILE = "FantLab-iOS/Info.plist";
				LD_RUNPATH_SEARCH_PATHS = (
					"$(inherited)",
					"@executable_path/Frameworks",
				);
				PRODUCT_BUNDLE_IDENTIFIER = "ru.fantlab.FantLab-iOS";
				PRODUCT_NAME = "$(TARGET_NAME)";
				SWIFT_VERSION = 4.2;
				TARGETED_DEVICE_FAMILY = "1,2";
			};
			name = Debug;
		};
		14ECD1DC2196D9C7007A8781 /* Release */ = {
			isa = XCBuildConfiguration;
			buildSettings = {
				ASSETCATALOG_COMPILER_APPICON_NAME = AppIcon;
				CODE_SIGN_STYLE = Automatic;
				INFOPLIST_FILE = "FantLab-iOS/Info.plist";
				LD_RUNPATH_SEARCH_PATHS = (
					"$(inherited)",
					"@executable_path/Frameworks",
				);
				PRODUCT_BUNDLE_IDENTIFIER = "ru.fantlab.FantLab-iOS";
				PRODUCT_NAME = "$(TARGET_NAME)";
				SWIFT_VERSION = 4.2;
				TARGETED_DEVICE_FAMILY = "1,2";
			};
			name = Release;
		};
		14ECD1DE2196D9C7007A8781 /* Debug */ = {
			isa = XCBuildConfiguration;
			buildSettings = {
				ALWAYS_EMBED_SWIFT_STANDARD_LIBRARIES = YES;
				BUNDLE_LOADER = "$(TEST_HOST)";
				CODE_SIGN_STYLE = Automatic;
				INFOPLIST_FILE = "FantLab-iOSTests/Info.plist";
				LD_RUNPATH_SEARCH_PATHS = (
					"$(inherited)",
					"@executable_path/Frameworks",
					"@loader_path/Frameworks",
				);
				PRODUCT_BUNDLE_IDENTIFIER = "ru.fantlab.FantLab-iOSTests";
				PRODUCT_NAME = "$(TARGET_NAME)";
				SWIFT_VERSION = 4.2;
				TARGETED_DEVICE_FAMILY = "1,2";
				TEST_HOST = "$(BUILT_PRODUCTS_DIR)/FantLab-iOS.app/FantLab-iOS";
			};
			name = Debug;
		};
		14ECD1DF2196D9C7007A8781 /* Release */ = {
			isa = XCBuildConfiguration;
			buildSettings = {
				ALWAYS_EMBED_SWIFT_STANDARD_LIBRARIES = YES;
				BUNDLE_LOADER = "$(TEST_HOST)";
				CODE_SIGN_STYLE = Automatic;
				INFOPLIST_FILE = "FantLab-iOSTests/Info.plist";
				LD_RUNPATH_SEARCH_PATHS = (
					"$(inherited)",
					"@executable_path/Frameworks",
					"@loader_path/Frameworks",
				);
				PRODUCT_BUNDLE_IDENTIFIER = "ru.fantlab.FantLab-iOSTests";
				PRODUCT_NAME = "$(TARGET_NAME)";
				SWIFT_VERSION = 4.2;
				TARGETED_DEVICE_FAMILY = "1,2";
				TEST_HOST = "$(BUILT_PRODUCTS_DIR)/FantLab-iOS.app/FantLab-iOS";
			};
			name = Release;
		};
/* End XCBuildConfiguration section */

/* Begin XCConfigurationList section */
		14ECD1B82196D9C5007A8781 /* Build configuration list for PBXProject "FantLab-iOS" */ = {
			isa = XCConfigurationList;
			buildConfigurations = (
				14ECD1D82196D9C7007A8781 /* Debug */,
				14ECD1D92196D9C7007A8781 /* Release */,
			);
			defaultConfigurationIsVisible = 0;
			defaultConfigurationName = Release;
		};
		14ECD1DA2196D9C7007A8781 /* Build configuration list for PBXNativeTarget "FantLab-iOS" */ = {
			isa = XCConfigurationList;
			buildConfigurations = (
				14ECD1DB2196D9C7007A8781 /* Debug */,
				14ECD1DC2196D9C7007A8781 /* Release */,
			);
			defaultConfigurationIsVisible = 0;
			defaultConfigurationName = Release;
		};
		14ECD1DD2196D9C7007A8781 /* Build configuration list for PBXNativeTarget "FantLab-iOSTests" */ = {
			isa = XCConfigurationList;
			buildConfigurations = (
				14ECD1DE2196D9C7007A8781 /* Debug */,
				14ECD1DF2196D9C7007A8781 /* Release */,
			);
			defaultConfigurationIsVisible = 0;
			defaultConfigurationName = Release;
		};
/* End XCConfigurationList section */
	};
	rootObject = 14ECD1B52196D9C5007A8781 /* Project object */;
}
